
Microsoft Visual Studio Solution File, Format Version 12.00
# Visual Studio Version 17
VisualStudioVersion = 17.5.33502.453
MinimumVisualStudioVersion = 10.0.40219.1
Project("{FAE04EC0-301F-11D3-BF4B-00C04F79EFBC}") = "Terceiro_projeto", "Terceiro_projeto\Terceiro_projeto.csproj", "{267E8442-C4EC-42AF-985B-727D97BC5CAD}"
EndProject
Global
	GlobalSection(SolutionConfigurationPlatforms) = preSolution
		Debug|Any CPU = Debug|Any CPU
		Release|Any CPU = Release|Any CPU
	EndGlobalSection
	GlobalSection(ProjectConfigurationPlatforms) = postSolution
		{267E8442-C4EC-42AF-985B-727D97BC5CAD}.Debug|Any CPU.ActiveCfg = Debug|Any CPU
		{267E8442-C4EC-42AF-985B-727D97BC5CAD}.Debug|Any CPU.Build.0 = Debug|Any CPU
		{267E8442-C4EC-42AF-985B-727D97BC5CAD}.Release|Any CPU.ActiveCfg = Release|Any CPU
		{267E8442-C4EC-42AF-985B-727D97BC5CAD}.Release|Any CPU.Build.0 = Release|Any CPU
	EndGlobalSection
	GlobalSection(SolutionProperties) = preSolution
		HideSolutionNode = FALSE
	EndGlobalSection
	GlobalSection(ExtensibilityGlobals) = postSolution
		SolutionGuid = {6C1F5E42-69A4-4199-A93F-CAD1CB3460BD}
	EndGlobalSection
EndGlobal
