
Microsoft Visual Studio Solution File, Format Version 12.00
# Visual Studio Version 17
VisualStudioVersion = 17.5.33502.453
MinimumVisualStudioVersion = 10.0.40219.1
Project("{FAE04EC0-301F-11D3-BF4B-00C04F79EFBC}") = "Oitavo_projeto", "Oitavo_projeto\Oitavo_projeto.csproj", "{DEC37843-2EB9-481C-98AA-8F0697D0FE72}"
EndProject
Global
	GlobalSection(SolutionConfigurationPlatforms) = preSolution
		Debug|Any CPU = Debug|Any CPU
		Release|Any CPU = Release|Any CPU
	EndGlobalSection
	GlobalSection(ProjectConfigurationPlatforms) = postSolution
		{DEC37843-2EB9-481C-98AA-8F0697D0FE72}.Debug|Any CPU.ActiveCfg = Debug|Any CPU
		{DEC37843-2EB9-481C-98AA-8F0697D0FE72}.Debug|Any CPU.Build.0 = Debug|Any CPU
		{DEC37843-2EB9-481C-98AA-8F0697D0FE72}.Release|Any CPU.ActiveCfg = Release|Any CPU
		{DEC37843-2EB9-481C-98AA-8F0697D0FE72}.Release|Any CPU.Build.0 = Release|Any CPU
	EndGlobalSection
	GlobalSection(SolutionProperties) = preSolution
		HideSolutionNode = FALSE
	EndGlobalSection
	GlobalSection(ExtensibilityGlobals) = postSolution
		SolutionGuid = {5D768E54-36C5-44AB-9813-C1619F996438}
	EndGlobalSection
EndGlobal
