
Microsoft Visual Studio Solution File, Format Version 12.00
# Visual Studio Version 17
VisualStudioVersion = 17.5.33502.453
MinimumVisualStudioVersion = 10.0.40219.1
Project("{FAE04EC0-301F-11D3-BF4B-00C04F79EFBC}") = "Structs", "Structs\Structs.csproj", "{0FF5F25A-60FA-464E-BD6B-A97ACBB0B9D9}"
EndProject
Global
	GlobalSection(SolutionConfigurationPlatforms) = preSolution
		Debug|Any CPU = Debug|Any CPU
		Release|Any CPU = Release|Any CPU
	EndGlobalSection
	GlobalSection(ProjectConfigurationPlatforms) = postSolution
		{0FF5F25A-60FA-464E-BD6B-A97ACBB0B9D9}.Debug|Any CPU.ActiveCfg = Debug|Any CPU
		{0FF5F25A-60FA-464E-BD6B-A97ACBB0B9D9}.Debug|Any CPU.Build.0 = Debug|Any CPU
		{0FF5F25A-60FA-464E-BD6B-A97ACBB0B9D9}.Release|Any CPU.ActiveCfg = Release|Any CPU
		{0FF5F25A-60FA-464E-BD6B-A97ACBB0B9D9}.Release|Any CPU.Build.0 = Release|Any CPU
	EndGlobalSection
	GlobalSection(SolutionProperties) = preSolution
		HideSolutionNode = FALSE
	EndGlobalSection
	GlobalSection(ExtensibilityGlobals) = postSolution
		SolutionGuid = {99843265-11CF-4BBF-808B-1149A8E47EE5}
	EndGlobalSection
EndGlobal
