
Microsoft Visual Studio Solution File, Format Version 12.00
# Visual Studio Version 17
VisualStudioVersion = 17.5.33502.453
MinimumVisualStudioVersion = 10.0.40219.1
Project("{FAE04EC0-301F-11D3-BF4B-00C04F79EFBC}") = "Introducao_a_POO", "Introducao_a_POO\Introducao_a_POO.csproj", "{4CD07D46-076F-401F-8C9A-F9C0CEACD6E6}"
EndProject
Global
	GlobalSection(SolutionConfigurationPlatforms) = preSolution
		Debug|Any CPU = Debug|Any CPU
		Release|Any CPU = Release|Any CPU
	EndGlobalSection
	GlobalSection(ProjectConfigurationPlatforms) = postSolution
		{4CD07D46-076F-401F-8C9A-F9C0CEACD6E6}.Debug|Any CPU.ActiveCfg = Debug|Any CPU
		{4CD07D46-076F-401F-8C9A-F9C0CEACD6E6}.Debug|Any CPU.Build.0 = Debug|Any CPU
		{4CD07D46-076F-401F-8C9A-F9C0CEACD6E6}.Release|Any CPU.ActiveCfg = Release|Any CPU
		{4CD07D46-076F-401F-8C9A-F9C0CEACD6E6}.Release|Any CPU.Build.0 = Release|Any CPU
	EndGlobalSection
	GlobalSection(SolutionProperties) = preSolution
		HideSolutionNode = FALSE
	EndGlobalSection
	GlobalSection(ExtensibilityGlobals) = postSolution
		SolutionGuid = {84B79C82-F86F-4215-8B0E-D2748F4B770D}
	EndGlobalSection
EndGlobal
