
Microsoft Visual Studio Solution File, Format Version 12.00
# Visual Studio Version 17
VisualStudioVersion = 17.5.33502.453
MinimumVisualStudioVersion = 10.0.40219.1
Project("{FAE04EC0-301F-11D3-BF4B-00C04F79EFBC}") = "ComoForcarUmaExcessao", "ComoForcarUmaExcessao\ComoForcarUmaExcessao.csproj", "{20B02A3D-6E8A-4E0C-9BCE-7D8C98BF3FDB}"
EndProject
Global
	GlobalSection(SolutionConfigurationPlatforms) = preSolution
		Debug|Any CPU = Debug|Any CPU
		Release|Any CPU = Release|Any CPU
	EndGlobalSection
	GlobalSection(ProjectConfigurationPlatforms) = postSolution
		{20B02A3D-6E8A-4E0C-9BCE-7D8C98BF3FDB}.Debug|Any CPU.ActiveCfg = Debug|Any CPU
		{20B02A3D-6E8A-4E0C-9BCE-7D8C98BF3FDB}.Debug|Any CPU.Build.0 = Debug|Any CPU
		{20B02A3D-6E8A-4E0C-9BCE-7D8C98BF3FDB}.Release|Any CPU.ActiveCfg = Release|Any CPU
		{20B02A3D-6E8A-4E0C-9BCE-7D8C98BF3FDB}.Release|Any CPU.Build.0 = Release|Any CPU
	EndGlobalSection
	GlobalSection(SolutionProperties) = preSolution
		HideSolutionNode = FALSE
	EndGlobalSection
	GlobalSection(ExtensibilityGlobals) = postSolution
		SolutionGuid = {1FDE5D8D-121B-46E8-8A86-1391CEAE9F2F}
	EndGlobalSection
EndGlobal
