
Microsoft Visual Studio Solution File, Format Version 12.00
# Visual Studio Version 17
VisualStudioVersion = 17.5.33502.453
MinimumVisualStudioVersion = 10.0.40219.1
Project("{FAE04EC0-301F-11D3-BF4B-00C04F79EFBC}") = "QuintoProjeto", "QuintoProjeto\QuintoProjeto.csproj", "{7B4DF5EE-038A-4FA1-A062-8383B1D0126A}"
EndProject
Global
	GlobalSection(SolutionConfigurationPlatforms) = preSolution
		Debug|Any CPU = Debug|Any CPU
		Release|Any CPU = Release|Any CPU
	EndGlobalSection
	GlobalSection(ProjectConfigurationPlatforms) = postSolution
		{7B4DF5EE-038A-4FA1-A062-8383B1D0126A}.Debug|Any CPU.ActiveCfg = Debug|Any CPU
		{7B4DF5EE-038A-4FA1-A062-8383B1D0126A}.Debug|Any CPU.Build.0 = Debug|Any CPU
		{7B4DF5EE-038A-4FA1-A062-8383B1D0126A}.Release|Any CPU.ActiveCfg = Release|Any CPU
		{7B4DF5EE-038A-4FA1-A062-8383B1D0126A}.Release|Any CPU.Build.0 = Release|Any CPU
	EndGlobalSection
	GlobalSection(SolutionProperties) = preSolution
		HideSolutionNode = FALSE
	EndGlobalSection
	GlobalSection(ExtensibilityGlobals) = postSolution
		SolutionGuid = {BCF7E056-9DC5-4EE2-BB48-CE6A0C57264E}
	EndGlobalSection
EndGlobal
