
Microsoft Visual Studio Solution File, Format Version 12.00
# Visual Studio Version 17
VisualStudioVersion = 17.5.33502.453
MinimumVisualStudioVersion = 10.0.40219.1
Project("{FAE04EC0-301F-11D3-BF4B-00C04F79EFBC}") = "Atributos", "Atributos\Atributos.csproj", "{4CC5B254-F763-4A61-BF7A-37C3C66041AB}"
EndProject
Global
	GlobalSection(SolutionConfigurationPlatforms) = preSolution
		Debug|Any CPU = Debug|Any CPU
		Release|Any CPU = Release|Any CPU
	EndGlobalSection
	GlobalSection(ProjectConfigurationPlatforms) = postSolution
		{4CC5B254-F763-4A61-BF7A-37C3C66041AB}.Debug|Any CPU.ActiveCfg = Debug|Any CPU
		{4CC5B254-F763-4A61-BF7A-37C3C66041AB}.Debug|Any CPU.Build.0 = Debug|Any CPU
		{4CC5B254-F763-4A61-BF7A-37C3C66041AB}.Release|Any CPU.ActiveCfg = Release|Any CPU
		{4CC5B254-F763-4A61-BF7A-37C3C66041AB}.Release|Any CPU.Build.0 = Release|Any CPU
	EndGlobalSection
	GlobalSection(SolutionProperties) = preSolution
		HideSolutionNode = FALSE
	EndGlobalSection
	GlobalSection(ExtensibilityGlobals) = postSolution
		SolutionGuid = {866F1F60-5ED7-4D6F-93A3-A2D74D7AB8C6}
	EndGlobalSection
EndGlobal
